<?xml version="1.0" encoding="utf-8"?>
<Project ToolsVersion="4.0" xmlns="http://schemas.microsoft.com/developer/msbuild/2003">
  <ItemGroup>
    <Filter Include="소스 파일">
      <UniqueIdentifier>{4FC737F1-C7A5-4376-A066-2A32D752A2FF}</UniqueIdentifier>
      <Extensions>cpp;c;cc;cxx;def;odl;idl;hpj;bat;asm;asmx</Extensions>
    </Filter>
    <Filter Include="헤더 파일">
      <UniqueIdentifier>{93995380-89BD-4b04-88EB-625FBE52EBFB}</UniqueIdentifier>
      <Extensions>h;hh;hpp;hxx;hm;inl;inc;ipp;xsd</Extensions>
    </Filter>
    <Filter Include="리소스 파일">
      <UniqueIdentifier>{67DA6AB6-F800-4c08-8B7A-83BB121AAD01}</UniqueIdentifier>
      <Extensions>rc;ico;cur;bmp;dlg;rc2;rct;bin;rgs;gif;jpg;jpeg;jpe;resx;tiff;tif;png;wav;mfcribbon-ms</Extensions>
    </Filter>
    <Filter Include="01.Game">
      <UniqueIdentifier>{0093ddb1-da2a-443a-bde8-773ecd368da1}</UniqueIdentifier>
    </Filter>
    <Filter Include="02.Render3D">
      <UniqueIdentifier>{c9476a82-f30e-4e0a-a90c-699855d98908}</UniqueIdentifier>
    </Filter>
    <Filter Include="03.Vector">
      <UniqueIdentifier>{0d1706c2-57ee-448a-95ca-8f6bee382771}</UniqueIdentifier>
    </Filter>
    <Filter Include="02.Render3D\01.Renderer3D">
      <UniqueIdentifier>{1d8e2ea8-b30f-4d2a-a5d0-87577bdb3d94}</UniqueIdentifier>
    </Filter>
    <Filter Include="02.Render3D\02.Matrix4x4">
      <UniqueIdentifier>{f53c7c19-c0db-4c69-b0b4-762da1f78dc3}</UniqueIdentifier>
    </Filter>
    <Filter Include="02.Render3D\03.Polygon">
      <UniqueIdentifier>{6a9ee61c-7961-4ea3-8f31-c1f9dedcc61b}</UniqueIdentifier>
    </Filter>
    <Filter Include="02.Render3D\04.Mesh">
      <UniqueIdentifier>{a21cde33-a4ac-427e-b229-185cc351cc62}</UniqueIdentifier>
    </Filter>
    <Filter Include="02.Render3D\05.Camera">
      <UniqueIdentifier>{897b85d7-73f8-4d75-9e10-49168f899dca}</UniqueIdentifier>
    </Filter>
    <Filter Include="02.Render3D\01.Renderer3D\Painter">
      <UniqueIdentifier>{582a5bc0-a4a3-4b13-9840-1c08547d9e07}</UniqueIdentifier>
    </Filter>
    <Filter Include="02.Render3D\01.Renderer3D\Shader">
      <UniqueIdentifier>{a5996a49-0291-4f6d-8e1a-6554c35cfca7}</UniqueIdentifier>
    </Filter>
    <Filter Include="05.InputHandler">
      <UniqueIdentifier>{23eb9d45-e27b-4b12-bf55-28fd9b38d4b9}</UniqueIdentifier>
    </Filter>
    <Filter Include="04.GameObject">
      <UniqueIdentifier>{74eeead3-05f7-4d4f-8ebc-8e0833e4707d}</UniqueIdentifier>
    </Filter>
    <Filter Include="04.GameObject\01.GameObject">
      <UniqueIdentifier>{11ca0d22-a410-4712-959a-c464389cb35a}</UniqueIdentifier>
    </Filter>
    <Filter Include="04.GameObject\02.GameObject2D">
      <UniqueIdentifier>{4e222aba-7459-4905-bf1d-02e17b386411}</UniqueIdentifier>
    </Filter>
    <Filter Include="04.GameObject\03.GameObject3D">
      <UniqueIdentifier>{6e3dc729-1971-486a-99d9-2a80be55878e}</UniqueIdentifier>
    </Filter>
    <Filter Include="06.DeltaTime">
      <UniqueIdentifier>{2f9114ec-d1cf-48e0-bb54-6f44a8362791}</UniqueIdentifier>
    </Filter>
    <Filter Include="08.TextureManager">
      <UniqueIdentifier>{365fadfb-a716-4c94-b443-e1e3be1f185d}</UniqueIdentifier>
    </Filter>
    <Filter Include="09.SurfaceManager">
      <UniqueIdentifier>{901fe91c-8199-4a12-a1ee-505550197d4c}</UniqueIdentifier>
    </Filter>
    <Filter Include="10.MeshManager">
      <UniqueIdentifier>{44e00794-9118-4bd4-9151-e6af3429f6d1}</UniqueIdentifier>
    </Filter>
    <Filter Include="11.GameState">
      <UniqueIdentifier>{45c19358-0718-4c48-ba36-f37803c608d4}</UniqueIdentifier>
    </Filter>
    <Filter Include="11.GameState\01.GameState">
      <UniqueIdentifier>{8e2ec4a6-2728-4541-9f50-eee4722a19ed}</UniqueIdentifier>
    </Filter>
    <Filter Include="11.GameState\02.GameStateMachine">
      <UniqueIdentifier>{00c9ab0d-fb72-4a80-accc-230747e94867}</UniqueIdentifier>
    </Filter>
    <Filter Include="15.InGame">
      <UniqueIdentifier>{49222f12-85e8-4c94-aa36-f52de6fa177c}</UniqueIdentifier>
    </Filter>
    <Filter Include="15.InGame\02.InGameObjects">
      <UniqueIdentifier>{c96abfa6-6614-4cea-8763-8b1563a93d60}</UniqueIdentifier>
    </Filter>
    <Filter Include="15.InGame\02.InGameObjects\Cube">
      <UniqueIdentifier>{5d6f7ad0-bdac-4856-99ce-62220f8caf10}</UniqueIdentifier>
    </Filter>
    <Filter Include="15.InGame\02.InGameObjects\MapManager">
      <UniqueIdentifier>{6d588fc1-f4de-4d52-9c63-6f06d4b35696}</UniqueIdentifier>
    </Filter>
    <Filter Include="15.InGame\02.InGameObjects\Bullet">
      <UniqueIdentifier>{0414a646-65d0-46c7-8cdf-6ffceaf9b089}</UniqueIdentifier>
    </Filter>
    <Filter Include="15.InGame\02.InGameObjects\Button">
      <UniqueIdentifier>{33f6894b-fdbf-4ecc-858a-13e67fe0f78a}</UniqueIdentifier>
    </Filter>
    <Filter Include="15.InGame\01.InGameStates">
      <UniqueIdentifier>{1e8e6764-78b1-4d60-9881-e3c4bba62f98}</UniqueIdentifier>
    </Filter>
    <Filter Include="15.InGame\01.InGameStates\02.Stage1">
      <UniqueIdentifier>{b7775d53-8917-440d-ade2-e4128415938c}</UniqueIdentifier>
    </Filter>
    <Filter Include="15.InGame\01.InGameStates\01.Menu">
      <UniqueIdentifier>{4199c819-1c6a-4afd-bd12-8b73d591d3f6}</UniqueIdentifier>
    </Filter>
    <Filter Include="15.InGame\02.InGameObjects\Player">
      <UniqueIdentifier>{35fcdbed-4899-41dd-b6a5-e236f3fe2f92}</UniqueIdentifier>
    </Filter>
    <Filter Include="04.GameObject\05.Components">
      <UniqueIdentifier>{3eb2eca0-c9f3-4e02-9125-1e87a1122198}</UniqueIdentifier>
    </Filter>
    <Filter Include="04.GameObject\05.Components\01.Force">
      <UniqueIdentifier>{0b2a5393-8ff5-4a4f-8a15-6369b2dbc129}</UniqueIdentifier>
    </Filter>
    <Filter Include="04.GameObject\05.Components\02.Collision">
      <UniqueIdentifier>{b0d9eb9f-7445-4cac-96d6-608e9e46ddf6}</UniqueIdentifier>
    </Filter>
    <Filter Include="04.GameObject\05.Components\02.Collision\01.Collider">
      <UniqueIdentifier>{631f700b-2bd3-4c1d-a17e-af574d51929a}</UniqueIdentifier>
    </Filter>
    <Filter Include="04.GameObject\05.Components\02.Collision\02.CollideManger">
      <UniqueIdentifier>{b84819db-c470-4845-8ab3-5a3463bb02c6}</UniqueIdentifier>
    </Filter>
    <Filter Include="04.GameObject\05.Components\03.Light">
      <UniqueIdentifier>{fe4561a8-25a0-4f37-980c-73347393af1b}</UniqueIdentifier>
    </Filter>
    <Filter Include="04.GameObject\05.Components\03.Light\01.Light">
      <UniqueIdentifier>{36110bc8-6c9d-4822-8726-b1daa5858742}</UniqueIdentifier>
    </Filter>
    <Filter Include="04.GameObject\05.Components\03.Light\02.LightManager">
      <UniqueIdentifier>{b40c8f88-edfa-4ef1-bd5c-b063d98d3cb9}</UniqueIdentifier>
    </Filter>
    <Filter Include="02.Render3D\06.Color">
      <UniqueIdentifier>{6ec1f4c1-8e2c-46ab-9001-b59f5b51f5ba}</UniqueIdentifier>
    </Filter>
    <Filter Include="15.InGame\02.InGameObjects\Fire">
      <UniqueIdentifier>{8590c8a7-29d0-4996-8d86-09828d37a200}</UniqueIdentifier>
    </Filter>
    <Filter Include="15.InGame\02.InGameObjects\Monster">
      <UniqueIdentifier>{c942c102-67cc-4553-8f03-723010b353aa}</UniqueIdentifier>
    </Filter>
  </ItemGroup>
  <ItemGroup>
    <ClCompile Include="Game.cpp">
      <Filter>01.Game</Filter>
    </ClCompile>
    <ClCompile Include="main.cpp">
      <Filter>소스 파일</Filter>
    </ClCompile>
    <ClCompile Include="Renderer3D.cpp">
      <Filter>02.Render3D\01.Renderer3D</Filter>
    </ClCompile>
    <ClCompile Include="Matrix4X4.cpp">
      <Filter>02.Render3D\02.Matrix4x4</Filter>
    </ClCompile>
    <ClCompile Include="Painter.cpp">
      <Filter>02.Render3D\01.Renderer3D\Painter</Filter>
    </ClCompile>
    <ClCompile Include="Shader.cpp">
      <Filter>02.Render3D\01.Renderer3D\Shader</Filter>
    </ClCompile>
    <ClCompile Include="GameObject3D.cpp">
      <Filter>04.GameObject\03.GameObject3D</Filter>
    </ClCompile>
    <ClCompile Include="InputHandler.cpp">
      <Filter>05.InputHandler</Filter>
    </ClCompile>
    <ClCompile Include="Cube.cpp">
      <Filter>15.InGame\02.InGameObjects\Cube</Filter>
    </ClCompile>
    <ClCompile Include="DeltaTime.cpp">
      <Filter>06.DeltaTime</Filter>
    </ClCompile>
    <ClCompile Include="MapManager.cpp">
      <Filter>15.InGame\02.InGameObjects\MapManager</Filter>
    </ClCompile>
    <ClCompile Include="GameObject2D.cpp">
      <Filter>04.GameObject\02.GameObject2D</Filter>
    </ClCompile>
    <ClCompile Include="CollideManger.cpp">
      <Filter>04.GameObject\05.Components\02.Collision\02.CollideManger</Filter>
    </ClCompile>
    <ClCompile Include="TextureManager.cpp">
      <Filter>08.TextureManager</Filter>
    </ClCompile>
    <ClCompile Include="SurfaceManager.cpp">
      <Filter>09.SurfaceManager</Filter>
    </ClCompile>
    <ClCompile Include="Bullet.cpp">
      <Filter>15.InGame\02.InGameObjects\Bullet</Filter>
    </ClCompile>
    <ClCompile Include="Force.cpp">
      <Filter>04.GameObject\05.Components\01.Force</Filter>
    </ClCompile>
    <ClCompile Include="Button.cpp">
      <Filter>15.InGame\02.InGameObjects\Button</Filter>
    </ClCompile>
    <ClCompile Include="GameStateMachine.cpp">
      <Filter>11.GameState\02.GameStateMachine</Filter>
    </ClCompile>
    <ClCompile Include="Menu.cpp">
      <Filter>15.InGame\01.InGameStates\01.Menu</Filter>
    </ClCompile>
    <ClCompile Include="Stage1.cpp">
      <Filter>15.InGame\01.InGameStates\02.Stage1</Filter>
    </ClCompile>
    <ClCompile Include="MeshManager.cpp">
      <Filter>10.MeshManager</Filter>
    </ClCompile>
    <ClCompile Include="GameState.cpp">
      <Filter>11.GameState\01.GameState</Filter>
    </ClCompile>
    <ClCompile Include="Collider.cpp">
      <Filter>04.GameObject\05.Components\02.Collision\01.Collider</Filter>
    </ClCompile>
    <ClCompile Include="Player.cpp">
      <Filter>15.InGame\02.InGameObjects\Player</Filter>
    </ClCompile>
    <ClCompile Include="LightManger.cpp">
      <Filter>04.GameObject\05.Components\03.Light\02.LightManager</Filter>
    </ClCompile>
    <ClCompile Include="Light.cpp">
      <Filter>04.GameObject\05.Components\03.Light\01.Light</Filter>
    </ClCompile>
    <ClCompile Include="Fire.cpp">
      <Filter>15.InGame\02.InGameObjects\Fire</Filter>
    </ClCompile>
    <ClCompile Include="Monster.cpp">
      <Filter>15.InGame\02.InGameObjects\Monster</Filter>
    </ClCompile>
  </ItemGroup>
  <ItemGroup>
    <ClInclude Include="Camera.h">
      <Filter>02.Render3D\05.Camera</Filter>
    </ClInclude>
    <ClInclude Include="defulte.h">
      <Filter>헤더 파일</Filter>
    </ClInclude>
    <ClInclude Include="define.h">
      <Filter>헤더 파일</Filter>
    </ClInclude>
    <ClInclude Include="Game.h">
      <Filter>01.Game</Filter>
    </ClInclude>
    <ClInclude Include="GameObject.h">
      <Filter>04.GameObject\01.GameObject</Filter>
    </ClInclude>
    <ClInclude Include="Matrix4X4.h">
      <Filter>02.Render3D\02.Matrix4x4</Filter>
    </ClInclude>
    <ClInclude Include="Mesh.h">
      <Filter>02.Render3D\04.Mesh</Filter>
    </ClInclude>
    <ClInclude Include="Polygon.h">
      <Filter>02.Render3D\03.Polygon</Filter>
    </ClInclude>
    <ClInclude Include="Renderer3D.h">
      <Filter>02.Render3D\01.Renderer3D</Filter>
    </ClInclude>
    <ClInclude Include="Vec3.h">
      <Filter>03.Vector</Filter>
    </ClInclude>
    <ClInclude Include="Vec2.h">
      <Filter>03.Vector</Filter>
    </ClInclude>
    <ClInclude Include="Painter.h">
      <Filter>02.Render3D\01.Renderer3D\Painter</Filter>
    </ClInclude>
    <ClInclude Include="Shader.h">
      <Filter>02.Render3D\01.Renderer3D\Shader</Filter>
    </ClInclude>
    <ClInclude Include="GameObject3D.h">
      <Filter>04.GameObject\03.GameObject3D</Filter>
    </ClInclude>
    <ClInclude Include="InputHandler.h">
      <Filter>05.InputHandler</Filter>
    </ClInclude>
    <ClInclude Include="Cube.h">
      <Filter>15.InGame\02.InGameObjects\Cube</Filter>
    </ClInclude>
    <ClInclude Include="DeltaTime.h">
      <Filter>06.DeltaTime</Filter>
    </ClInclude>
    <ClInclude Include="MapManager.h">
      <Filter>15.InGame\02.InGameObjects\MapManager</Filter>
    </ClInclude>
    <ClInclude Include="GameObject2D.h">
      <Filter>04.GameObject\02.GameObject2D</Filter>
    </ClInclude>
    <ClInclude Include="CollideManger.h">
      <Filter>04.GameObject\05.Components\02.Collision\02.CollideManger</Filter>
    </ClInclude>
    <ClInclude Include="TextureManager.h">
      <Filter>08.TextureManager</Filter>
    </ClInclude>
    <ClInclude Include="SurfaceManager.h">
      <Filter>09.SurfaceManager</Filter>
    </ClInclude>
    <ClInclude Include="Bullet.h">
      <Filter>15.InGame\02.InGameObjects\Bullet</Filter>
    </ClInclude>
    <ClInclude Include="Force.h">
      <Filter>04.GameObject\05.Components\01.Force</Filter>
    </ClInclude>
    <ClInclude Include="Button.h">
      <Filter>15.InGame\02.InGameObjects\Button</Filter>
    </ClInclude>
    <ClInclude Include="GameState.h">
      <Filter>11.GameState\01.GameState</Filter>
    </ClInclude>
    <ClInclude Include="GameStateMachine.h">
      <Filter>11.GameState\02.GameStateMachine</Filter>
    </ClInclude>
    <ClInclude Include="Menu.h">
      <Filter>15.InGame\01.InGameStates\01.Menu</Filter>
    </ClInclude>
    <ClInclude Include="Stage1.h">
      <Filter>15.InGame\01.InGameStates\02.Stage1</Filter>
    </ClInclude>
    <ClInclude Include="MeshManager.h">
      <Filter>10.MeshManager</Filter>
    </ClInclude>
    <ClInclude Include="Collider.h">
      <Filter>04.GameObject\05.Components\02.Collision\01.Collider</Filter>
    </ClInclude>
    <ClInclude Include="Player.h">
      <Filter>15.InGame\02.InGameObjects\Player</Filter>
    </ClInclude>
    <ClInclude Include="Light.h">
      <Filter>04.GameObject\05.Components\03.Light\01.Light</Filter>
    </ClInclude>
    <ClInclude Include="LightManger.h">
      <Filter>04.GameObject\05.Components\03.Light\02.LightManager</Filter>
    </ClInclude>
    <ClInclude Include="Color.h">
      <Filter>02.Render3D\06.Color</Filter>
    </ClInclude>
    <ClInclude Include="Fire.h">
      <Filter>15.InGame\02.InGameObjects\Fire</Filter>
    </ClInclude>
    <ClInclude Include="Monster.h">
      <Filter>15.InGame\02.InGameObjects\Monster</Filter>
    </ClInclude>
  </ItemGroup>
</Project>